
Microsoft Visual Studio Solution File, Format Version 12.00
# Visual Studio Version 17
VisualStudioVersion = 17.9.34723.18
MinimumVisualStudioVersion = 10.0.40219.1
Project("{FAE04EC0-301F-11D3-BF4B-00C04F79EFBC}") = "Validation", "Validation\Validation.csproj", "{BEC9C564-6F3D-43D6-9080-4225F39D0568}"
EndProject
Global
	GlobalSection(SolutionConfigurationPlatforms) = preSolution
		Debug|Any CPU = Debug|Any CPU
		Release|Any CPU = Release|Any CPU
	EndGlobalSection
	GlobalSection(ProjectConfigurationPlatforms) = postSolution
		{BEC9C564-6F3D-43D6-9080-4225F39D0568}.Debug|Any CPU.ActiveCfg = Debug|Any CPU
		{BEC9C564-6F3D-43D6-9080-4225F39D0568}.Debug|Any CPU.Build.0 = Debug|Any CPU
		{BEC9C564-6F3D-43D6-9080-4225F39D0568}.Release|Any CPU.ActiveCfg = Release|Any CPU
		{BEC9C564-6F3D-43D6-9080-4225F39D0568}.Release|Any CPU.Build.0 = Release|Any CPU
	EndGlobalSection
	GlobalSection(SolutionProperties) = preSolution
		HideSolutionNode = FALSE
	EndGlobalSection
	GlobalSection(ExtensibilityGlobals) = postSolution
		SolutionGuid = {16F7E246-8CFD-46A5-8824-FD1CD9331E7F}
	EndGlobalSection
EndGlobal
